// !$*UTF8*$!
{
	archiveVersion = 1;
	classes = {
	};
	objectVersion = 52;
	objects = {

/* Begin PBXBuildFile section */
		8102E62826EF81370028CE6F /* TopAlbumAttributesData.swift in Sources */ = {isa = PBXBuildFile; fileRef = 8102E62726EF81370028CE6F /* TopAlbumAttributesData.swift */; };
		8102E62B26EF85F30028CE6F /* AlbumDetailsCoordinator.swift in Sources */ = {isa = PBXBuildFile; fileRef = 8102E62A26EF85F30028CE6F /* AlbumDetailsCoordinator.swift */; };
		8102E62F26EF88FE0028CE6F /* AlbumDetailsViewController.swift in Sources */ = {isa = PBXBuildFile; fileRef = 8102E62E26EF88FE0028CE6F /* AlbumDetailsViewController.swift */; };
		8102E63226EF898F0028CE6F /* AlbumDetailsView.swift in Sources */ = {isa = PBXBuildFile; fileRef = 8102E63126EF898F0028CE6F /* AlbumDetailsView.swift */; };
		8102E63526EF89B70028CE6F /* AlbumDetailsViewModel.swift in Sources */ = {isa = PBXBuildFile; fileRef = 8102E63426EF89B70028CE6F /* AlbumDetailsViewModel.swift */; };
		8102E63726EF8AD10028CE6F /* AlbumDetailsModel.swift in Sources */ = {isa = PBXBuildFile; fileRef = 8102E63626EF8AD10028CE6F /* AlbumDetailsModel.swift */; };
		8102E63A26EF8F590028CE6F /* AlbumDetailsService.swift in Sources */ = {isa = PBXBuildFile; fileRef = 8102E63926EF8F590028CE6F /* AlbumDetailsService.swift */; };
		8102E63C26EF92360028CE6F /* LastFMService.swift in Sources */ = {isa = PBXBuildFile; fileRef = 8102E63B26EF92360028CE6F /* LastFMService.swift */; };
		8102E63F26EF94C10028CE6F /* AlbumDetailsData.swift in Sources */ = {isa = PBXBuildFile; fileRef = 8102E63E26EF94C10028CE6F /* AlbumDetailsData.swift */; };
		8102E64126EF9CFA0028CE6F /* AlbumInfoData.swift in Sources */ = {isa = PBXBuildFile; fileRef = 8102E64026EF9CFA0028CE6F /* AlbumInfoData.swift */; };
		8102E64426EF9D0D0028CE6F /* AlbumWikiData.swift in Sources */ = {isa = PBXBuildFile; fileRef = 8102E64326EF9D0D0028CE6F /* AlbumWikiData.swift */; };
		8102E64626EF9D1F0028CE6F /* AlbumTracksData.swift in Sources */ = {isa = PBXBuildFile; fileRef = 8102E64526EF9D1F0028CE6F /* AlbumTracksData.swift */; };
		8102E64826EF9D300028CE6F /* AlbumTrackData.swift in Sources */ = {isa = PBXBuildFile; fileRef = 8102E64726EF9D300028CE6F /* AlbumTrackData.swift */; };
		8102E64A26EFACA60028CE6F /* Int+Extension.swift in Sources */ = {isa = PBXBuildFile; fileRef = 8102E64926EFACA60028CE6F /* Int+Extension.swift */; };
		8102E64C26EFAD840028CE6F /* StoreKitHelper.swift in Sources */ = {isa = PBXBuildFile; fileRef = 8102E64B26EFAD840028CE6F /* StoreKitHelper.swift */; };
		8102E65126EFB51D0028CE6F /* TopAlbumsViewModelTests.swift in Sources */ = {isa = PBXBuildFile; fileRef = 8102E65026EFB51D0028CE6F /* TopAlbumsViewModelTests.swift */; };
		8102E65426EFB59A0028CE6F /* TopAlbumsCoordinatorMock.swift in Sources */ = {isa = PBXBuildFile; fileRef = 8102E65326EFB59A0028CE6F /* TopAlbumsCoordinatorMock.swift */; };
		8102E65726EFB6960028CE6F /* EmptyNetwork.swift in Sources */ = {isa = PBXBuildFile; fileRef = 8102E65626EFB6960028CE6F /* EmptyNetwork.swift */; };
		8102E65926EFB6D70028CE6F /* TopAlbumsServiceMock.swift in Sources */ = {isa = PBXBuildFile; fileRef = 8102E65826EFB6D70028CE6F /* TopAlbumsServiceMock.swift */; };
		8102E65B26EFB8BD0028CE6F /* LastFMServiceMock.swift in Sources */ = {isa = PBXBuildFile; fileRef = 8102E65A26EFB8BD0028CE6F /* LastFMServiceMock.swift */; };
		8102E65F26EFBA910028CE6F /* TopAlbumsDataMock.json in Resources */ = {isa = PBXBuildFile; fileRef = 8102E65E26EFBA910028CE6F /* TopAlbumsDataMock.json */; };
		8141523926EE6C3B00317535 /* RxSwift in Frameworks */ = {isa = PBXBuildFile; productRef = 8141523826EE6C3B00317535 /* RxSwift */; };
		8141523C26EE6C4E00317535 /* Kingfisher in Frameworks */ = {isa = PBXBuildFile; productRef = 8141523B26EE6C4E00317535 /* Kingfisher */; };
		8141523F26EE6CF800317535 /* Alamofire in Frameworks */ = {isa = PBXBuildFile; productRef = 8141523E26EE6CF800317535 /* Alamofire */; };
		8141524126EE6D1700317535 /* Network.swift in Sources */ = {isa = PBXBuildFile; fileRef = 8141524026EE6D1700317535 /* Network.swift */; };
		8141524426EE6D6800317535 /* PKHUD in Frameworks */ = {isa = PBXBuildFile; productRef = 8141524326EE6D6800317535 /* PKHUD */; };
		8141524726EE6D9400317535 /* UIViewController+Loading.swift in Sources */ = {isa = PBXBuildFile; fileRef = 8141524626EE6D9400317535 /* UIViewController+Loading.swift */; };
		8141524B26EE997500317535 /* RequestParamBuilder.swift in Sources */ = {isa = PBXBuildFile; fileRef = 8141524A26EE997500317535 /* RequestParamBuilder.swift */; };
		8141524E26EE9F1600317535 /* TopAlbumsData.swift in Sources */ = {isa = PBXBuildFile; fileRef = 8141524D26EE9F1600317535 /* TopAlbumsData.swift */; };
		8141525026EEADE500317535 /* TopAlbumData.swift in Sources */ = {isa = PBXBuildFile; fileRef = 8141524F26EEADE500317535 /* TopAlbumData.swift */; };
		8141525226EEAE4900317535 /* AlbumData.swift in Sources */ = {isa = PBXBuildFile; fileRef = 8141525126EEAE4900317535 /* AlbumData.swift */; };
		8141525426EEAE5C00317535 /* AlbumImageData.swift in Sources */ = {isa = PBXBuildFile; fileRef = 8141525326EEAE5C00317535 /* AlbumImageData.swift */; };
		8141525626EEBC6E00317535 /* TopAlbumsModel.swift in Sources */ = {isa = PBXBuildFile; fileRef = 8141525526EEBC6E00317535 /* TopAlbumsModel.swift */; };
		814ABF8626EE5BD600E5586F /* AppDelegate.swift in Sources */ = {isa = PBXBuildFile; fileRef = 814ABF8526EE5BD600E5586F /* AppDelegate.swift */; };
		814ABF8F26EE5BD800E5586F /* Assets.xcassets in Resources */ = {isa = PBXBuildFile; fileRef = 814ABF8E26EE5BD800E5586F /* Assets.xcassets */; };
		814ABF9226EE5BD800E5586F /* LaunchScreen.storyboard in Resources */ = {isa = PBXBuildFile; fileRef = 814ABF9026EE5BD800E5586F /* LaunchScreen.storyboard */; };
		814ABFB826EE5C5C00E5586F /* AppCoordinator.swift in Sources */ = {isa = PBXBuildFile; fileRef = 814ABFB726EE5C5C00E5586F /* AppCoordinator.swift */; };
		814ABFBB26EE5C7E00E5586F /* Coordinator.swift in Sources */ = {isa = PBXBuildFile; fileRef = 814ABFBA26EE5C7E00E5586F /* Coordinator.swift */; };
		814ABFBD26EE5C9000E5586F /* MainCoordinator.swift in Sources */ = {isa = PBXBuildFile; fileRef = 814ABFBC26EE5C9000E5586F /* MainCoordinator.swift */; };
		814ABFBF26EE5CA800E5586F /* ViewCoded.swift in Sources */ = {isa = PBXBuildFile; fileRef = 814ABFBE26EE5CA800E5586F /* ViewCoded.swift */; };
		814ABFC326EE5DAE00E5586F /* TopAlbumsCoordinator.swift in Sources */ = {isa = PBXBuildFile; fileRef = 814ABFC226EE5DAE00E5586F /* TopAlbumsCoordinator.swift */; };
		814ABFC626EE5F8B00E5586F /* TopAlbumsViewController.swift in Sources */ = {isa = PBXBuildFile; fileRef = 814ABFC526EE5F8B00E5586F /* TopAlbumsViewController.swift */; };
		814ABFC926EE5FBF00E5586F /* TopAlbumsView.swift in Sources */ = {isa = PBXBuildFile; fileRef = 814ABFC826EE5FBF00E5586F /* TopAlbumsView.swift */; };
		814ABFCC26EE603A00E5586F /* TopAlbumsViewModel.swift in Sources */ = {isa = PBXBuildFile; fileRef = 814ABFCB26EE603A00E5586F /* TopAlbumsViewModel.swift */; };
		814ABFCE26EE618D00E5586F /* TopAlbumsCell.swift in Sources */ = {isa = PBXBuildFile; fileRef = 814ABFCD26EE618D00E5586F /* TopAlbumsCell.swift */; };
		814ABFD126EE62D800E5586F /* TopAlbumsCellData.swift in Sources */ = {isa = PBXBuildFile; fileRef = 814ABFD026EE62D800E5586F /* TopAlbumsCellData.swift */; };
		814ABFD426EE650400E5586F /* TopAlbumsService.swift in Sources */ = {isa = PBXBuildFile; fileRef = 814ABFD326EE650400E5586F /* TopAlbumsService.swift */; };
		814ABFD726EE653A00E5586F /* Networking.swift in Sources */ = {isa = PBXBuildFile; fileRef = 814ABFD626EE653A00E5586F /* Networking.swift */; };
/* End PBXBuildFile section */

/* Begin PBXContainerItemProxy section */
		814ABF9926EE5BD800E5586F /* PBXContainerItemProxy */ = {
			isa = PBXContainerItemProxy;
			containerPortal = 814ABF7A26EE5BD600E5586F /* Project object */;
			proxyType = 1;
			remoteGlobalIDString = 814ABF8126EE5BD600E5586F;
			remoteInfo = "top-songs";
		};
/* End PBXContainerItemProxy section */

/* Begin PBXFileReference section */
		8102E62726EF81370028CE6F /* TopAlbumAttributesData.swift */ = {isa = PBXFileReference; lastKnownFileType = sourcecode.swift; path = TopAlbumAttributesData.swift; sourceTree = "<group>"; };
		8102E62A26EF85F30028CE6F /* AlbumDetailsCoordinator.swift */ = {isa = PBXFileReference; lastKnownFileType = sourcecode.swift; path = AlbumDetailsCoordinator.swift; sourceTree = "<group>"; };
		8102E62E26EF88FE0028CE6F /* AlbumDetailsViewController.swift */ = {isa = PBXFileReference; lastKnownFileType = sourcecode.swift; path = AlbumDetailsViewController.swift; sourceTree = "<group>"; };
		8102E63126EF898F0028CE6F /* AlbumDetailsView.swift */ = {isa = PBXFileReference; lastKnownFileType = sourcecode.swift; path = AlbumDetailsView.swift; sourceTree = "<group>"; };
		8102E63426EF89B70028CE6F /* AlbumDetailsViewModel.swift */ = {isa = PBXFileReference; lastKnownFileType = sourcecode.swift; path = AlbumDetailsViewModel.swift; sourceTree = "<group>"; };
		8102E63626EF8AD10028CE6F /* AlbumDetailsModel.swift */ = {isa = PBXFileReference; lastKnownFileType = sourcecode.swift; path = AlbumDetailsModel.swift; sourceTree = "<group>"; };
		8102E63926EF8F590028CE6F /* AlbumDetailsService.swift */ = {isa = PBXFileReference; lastKnownFileType = sourcecode.swift; path = AlbumDetailsService.swift; sourceTree = "<group>"; };
		8102E63B26EF92360028CE6F /* LastFMService.swift */ = {isa = PBXFileReference; lastKnownFileType = sourcecode.swift; path = LastFMService.swift; sourceTree = "<group>"; };
		8102E63E26EF94C10028CE6F /* AlbumDetailsData.swift */ = {isa = PBXFileReference; lastKnownFileType = sourcecode.swift; path = AlbumDetailsData.swift; sourceTree = "<group>"; };
		8102E64026EF9CFA0028CE6F /* AlbumInfoData.swift */ = {isa = PBXFileReference; lastKnownFileType = sourcecode.swift; path = AlbumInfoData.swift; sourceTree = "<group>"; };
		8102E64326EF9D0D0028CE6F /* AlbumWikiData.swift */ = {isa = PBXFileReference; lastKnownFileType = sourcecode.swift; path = AlbumWikiData.swift; sourceTree = "<group>"; };
		8102E64526EF9D1F0028CE6F /* AlbumTracksData.swift */ = {isa = PBXFileReference; lastKnownFileType = sourcecode.swift; path = AlbumTracksData.swift; sourceTree = "<group>"; };
		8102E64726EF9D300028CE6F /* AlbumTrackData.swift */ = {isa = PBXFileReference; lastKnownFileType = sourcecode.swift; path = AlbumTrackData.swift; sourceTree = "<group>"; };
		8102E64926EFACA60028CE6F /* Int+Extension.swift */ = {isa = PBXFileReference; lastKnownFileType = sourcecode.swift; path = "Int+Extension.swift"; sourceTree = "<group>"; };
		8102E64B26EFAD840028CE6F /* StoreKitHelper.swift */ = {isa = PBXFileReference; lastKnownFileType = sourcecode.swift; path = StoreKitHelper.swift; sourceTree = "<group>"; };
		8102E65026EFB51D0028CE6F /* TopAlbumsViewModelTests.swift */ = {isa = PBXFileReference; lastKnownFileType = sourcecode.swift; path = TopAlbumsViewModelTests.swift; sourceTree = "<group>"; };
		8102E65326EFB59A0028CE6F /* TopAlbumsCoordinatorMock.swift */ = {isa = PBXFileReference; lastKnownFileType = sourcecode.swift; path = TopAlbumsCoordinatorMock.swift; sourceTree = "<group>"; };
		8102E65626EFB6960028CE6F /* EmptyNetwork.swift */ = {isa = PBXFileReference; lastKnownFileType = sourcecode.swift; path = EmptyNetwork.swift; sourceTree = "<group>"; };
		8102E65826EFB6D70028CE6F /* TopAlbumsServiceMock.swift */ = {isa = PBXFileReference; lastKnownFileType = sourcecode.swift; path = TopAlbumsServiceMock.swift; sourceTree = "<group>"; };
		8102E65A26EFB8BD0028CE6F /* LastFMServiceMock.swift */ = {isa = PBXFileReference; lastKnownFileType = sourcecode.swift; path = LastFMServiceMock.swift; sourceTree = "<group>"; };
		8102E65E26EFBA910028CE6F /* TopAlbumsDataMock.json */ = {isa = PBXFileReference; fileEncoding = 4; lastKnownFileType = text.json; path = TopAlbumsDataMock.json; sourceTree = "<group>"; };
		8141524026EE6D1700317535 /* Network.swift */ = {isa = PBXFileReference; lastKnownFileType = sourcecode.swift; path = Network.swift; sourceTree = "<group>"; };
		8141524626EE6D9400317535 /* UIViewController+Loading.swift */ = {isa = PBXFileReference; lastKnownFileType = sourcecode.swift; path = "UIViewController+Loading.swift"; sourceTree = "<group>"; };
		8141524A26EE997500317535 /* RequestParamBuilder.swift */ = {isa = PBXFileReference; lastKnownFileType = sourcecode.swift; path = RequestParamBuilder.swift; sourceTree = "<group>"; };
		8141524D26EE9F1600317535 /* TopAlbumsData.swift */ = {isa = PBXFileReference; lastKnownFileType = sourcecode.swift; path = TopAlbumsData.swift; sourceTree = "<group>"; };
		8141524F26EEADE500317535 /* TopAlbumData.swift */ = {isa = PBXFileReference; lastKnownFileType = sourcecode.swift; path = TopAlbumData.swift; sourceTree = "<group>"; };
		8141525126EEAE4900317535 /* AlbumData.swift */ = {isa = PBXFileReference; lastKnownFileType = sourcecode.swift; path = AlbumData.swift; sourceTree = "<group>"; };
		8141525326EEAE5C00317535 /* AlbumImageData.swift */ = {isa = PBXFileReference; lastKnownFileType = sourcecode.swift; path = AlbumImageData.swift; sourceTree = "<group>"; };
		8141525526EEBC6E00317535 /* TopAlbumsModel.swift */ = {isa = PBXFileReference; lastKnownFileType = sourcecode.swift; path = TopAlbumsModel.swift; sourceTree = "<group>"; };
		814ABF8226EE5BD600E5586F /* top-songs.app */ = {isa = PBXFileReference; explicitFileType = wrapper.application; includeInIndex = 0; path = "top-songs.app"; sourceTree = BUILT_PRODUCTS_DIR; };
		814ABF8526EE5BD600E5586F /* AppDelegate.swift */ = {isa = PBXFileReference; lastKnownFileType = sourcecode.swift; path = AppDelegate.swift; sourceTree = "<group>"; };
		814ABF8E26EE5BD800E5586F /* Assets.xcassets */ = {isa = PBXFileReference; lastKnownFileType = folder.assetcatalog; path = Assets.xcassets; sourceTree = "<group>"; };
		814ABF9126EE5BD800E5586F /* Base */ = {isa = PBXFileReference; lastKnownFileType = file.storyboard; name = Base; path = Base.lproj/LaunchScreen.storyboard; sourceTree = "<group>"; };
		814ABF9326EE5BD800E5586F /* Info.plist */ = {isa = PBXFileReference; lastKnownFileType = text.plist.xml; path = Info.plist; sourceTree = "<group>"; };
		814ABF9826EE5BD800E5586F /* top-songsTests.xctest */ = {isa = PBXFileReference; explicitFileType = wrapper.cfbundle; includeInIndex = 0; path = "top-songsTests.xctest"; sourceTree = BUILT_PRODUCTS_DIR; };
		814ABF9E26EE5BD800E5586F /* Info.plist */ = {isa = PBXFileReference; lastKnownFileType = text.plist.xml; path = Info.plist; sourceTree = "<group>"; };
		814ABFB726EE5C5C00E5586F /* AppCoordinator.swift */ = {isa = PBXFileReference; lastKnownFileType = sourcecode.swift; path = AppCoordinator.swift; sourceTree = "<group>"; };
		814ABFBA26EE5C7E00E5586F /* Coordinator.swift */ = {isa = PBXFileReference; lastKnownFileType = sourcecode.swift; path = Coordinator.swift; sourceTree = "<group>"; };
		814ABFBC26EE5C9000E5586F /* MainCoordinator.swift */ = {isa = PBXFileReference; lastKnownFileType = sourcecode.swift; path = MainCoordinator.swift; sourceTree = "<group>"; };
		814ABFBE26EE5CA800E5586F /* ViewCoded.swift */ = {isa = PBXFileReference; lastKnownFileType = sourcecode.swift; path = ViewCoded.swift; sourceTree = "<group>"; };
		814ABFC226EE5DAE00E5586F /* TopAlbumsCoordinator.swift */ = {isa = PBXFileReference; lastKnownFileType = sourcecode.swift; path = TopAlbumsCoordinator.swift; sourceTree = "<group>"; };
		814ABFC526EE5F8B00E5586F /* TopAlbumsViewController.swift */ = {isa = PBXFileReference; lastKnownFileType = sourcecode.swift; path = TopAlbumsViewController.swift; sourceTree = "<group>"; };
		814ABFC826EE5FBF00E5586F /* TopAlbumsView.swift */ = {isa = PBXFileReference; lastKnownFileType = sourcecode.swift; path = TopAlbumsView.swift; sourceTree = "<group>"; };
		814ABFCB26EE603A00E5586F /* TopAlbumsViewModel.swift */ = {isa = PBXFileReference; lastKnownFileType = sourcecode.swift; path = TopAlbumsViewModel.swift; sourceTree = "<group>"; };
		814ABFCD26EE618D00E5586F /* TopAlbumsCell.swift */ = {isa = PBXFileReference; lastKnownFileType = sourcecode.swift; path = TopAlbumsCell.swift; sourceTree = "<group>"; };
		814ABFD026EE62D800E5586F /* TopAlbumsCellData.swift */ = {isa = PBXFileReference; lastKnownFileType = sourcecode.swift; path = TopAlbumsCellData.swift; sourceTree = "<group>"; };
		814ABFD326EE650400E5586F /* TopAlbumsService.swift */ = {isa = PBXFileReference; lastKnownFileType = sourcecode.swift; path = TopAlbumsService.swift; sourceTree = "<group>"; };
		814ABFD626EE653A00E5586F /* Networking.swift */ = {isa = PBXFileReference; lastKnownFileType = sourcecode.swift; path = Networking.swift; sourceTree = "<group>"; };
/* End PBXFileReference section */

/* Begin PBXFrameworksBuildPhase section */
		814ABF7F26EE5BD600E5586F /* Frameworks */ = {
			isa = PBXFrameworksBuildPhase;
			buildActionMask = 2147483647;
			files = (
				8141523F26EE6CF800317535 /* Alamofire in Frameworks */,
				8141524426EE6D6800317535 /* PKHUD in Frameworks */,
				8141523C26EE6C4E00317535 /* Kingfisher in Frameworks */,
				8141523926EE6C3B00317535 /* RxSwift in Frameworks */,
			);
			runOnlyForDeploymentPostprocessing = 0;
		};
		814ABF9526EE5BD800E5586F /* Frameworks */ = {
			isa = PBXFrameworksBuildPhase;
			buildActionMask = 2147483647;
			files = (
			);
			runOnlyForDeploymentPostprocessing = 0;
		};
/* End PBXFrameworksBuildPhase section */

/* Begin PBXGroup section */
		8102E62926EF85DB0028CE6F /* AlbumDetails */ = {
			isa = PBXGroup;
			children = (
				8102E62A26EF85F30028CE6F /* AlbumDetailsCoordinator.swift */,
				8102E62C26EF88E20028CE6F /* Model */,
				8102E62D26EF88E90028CE6F /* View */,
				8102E63326EF89AC0028CE6F /* ViewModel */,
				8102E63826EF8F2A0028CE6F /* Networking */,
			);
			path = AlbumDetails;
			sourceTree = "<group>";
		};
		8102E62C26EF88E20028CE6F /* Model */ = {
			isa = PBXGroup;
			children = (
				8102E63626EF8AD10028CE6F /* AlbumDetailsModel.swift */,
			);
			path = Model;
			sourceTree = "<group>";
		};
		8102E62D26EF88E90028CE6F /* View */ = {
			isa = PBXGroup;
			children = (
				8102E62E26EF88FE0028CE6F /* AlbumDetailsViewController.swift */,
				8102E63026EF89800028CE6F /* Views */,
			);
			path = View;
			sourceTree = "<group>";
		};
		8102E63026EF89800028CE6F /* Views */ = {
			isa = PBXGroup;
			children = (
				8102E63126EF898F0028CE6F /* AlbumDetailsView.swift */,
			);
			path = Views;
			sourceTree = "<group>";
		};
		8102E63326EF89AC0028CE6F /* ViewModel */ = {
			isa = PBXGroup;
			children = (
				8102E63426EF89B70028CE6F /* AlbumDetailsViewModel.swift */,
			);
			path = ViewModel;
			sourceTree = "<group>";
		};
		8102E63826EF8F2A0028CE6F /* Networking */ = {
			isa = PBXGroup;
			children = (
				8102E63926EF8F590028CE6F /* AlbumDetailsService.swift */,
				8102E63D26EF94790028CE6F /* Model */,
			);
			path = Networking;
			sourceTree = "<group>";
		};
		8102E63D26EF94790028CE6F /* Model */ = {
			isa = PBXGroup;
			children = (
				8102E63E26EF94C10028CE6F /* AlbumDetailsData.swift */,
				8102E64026EF9CFA0028CE6F /* AlbumInfoData.swift */,
				8102E64326EF9D0D0028CE6F /* AlbumWikiData.swift */,
				8102E64526EF9D1F0028CE6F /* AlbumTracksData.swift */,
				8102E64726EF9D300028CE6F /* AlbumTrackData.swift */,
			);
			path = Model;
			sourceTree = "<group>";
		};
		8102E64D26EFB4EE0028CE6F /* Scenes */ = {
			isa = PBXGroup;
			children = (
				8102E64E26EFB4FC0028CE6F /* TopAlbums */,
			);
			path = Scenes;
			sourceTree = "<group>";
		};
		8102E64E26EFB4FC0028CE6F /* TopAlbums */ = {
			isa = PBXGroup;
			children = (
				8102E65226EFB5860028CE6F /* Mock */,
				8102E64F26EFB5060028CE6F /* ViewModel */,
			);
			path = TopAlbums;
			sourceTree = "<group>";
		};
		8102E64F26EFB5060028CE6F /* ViewModel */ = {
			isa = PBXGroup;
			children = (
				8102E65026EFB51D0028CE6F /* TopAlbumsViewModelTests.swift */,
			);
			path = ViewModel;
			sourceTree = "<group>";
		};
		8102E65226EFB5860028CE6F /* Mock */ = {
			isa = PBXGroup;
			children = (
				8102E65326EFB59A0028CE6F /* TopAlbumsCoordinatorMock.swift */,
				8102E65826EFB6D70028CE6F /* TopAlbumsServiceMock.swift */,
				8102E65E26EFBA910028CE6F /* TopAlbumsDataMock.json */,
			);
			path = Mock;
			sourceTree = "<group>";
		};
		8102E65526EFB6820028CE6F /* Mocks */ = {
			isa = PBXGroup;
			children = (
				8102E65626EFB6960028CE6F /* EmptyNetwork.swift */,
				8102E65A26EFB8BD0028CE6F /* LastFMServiceMock.swift */,
			);
			path = Mocks;
			sourceTree = "<group>";
		};
		8141524526EE6D7000317535 /* Extensions */ = {
			isa = PBXGroup;
			children = (
				8141524626EE6D9400317535 /* UIViewController+Loading.swift */,
				8102E64926EFACA60028CE6F /* Int+Extension.swift */,
			);
			path = Extensions;
			sourceTree = "<group>";
		};
		8141524826EE6DB700317535 /* Resources */ = {
			isa = PBXGroup;
			children = (
				814ABF8E26EE5BD800E5586F /* Assets.xcassets */,
				814ABF9026EE5BD800E5586F /* LaunchScreen.storyboard */,
				814ABF9326EE5BD800E5586F /* Info.plist */,
			);
			path = Resources;
			sourceTree = "<group>";
		};
		8141524926EE996900317535 /* Builders */ = {
			isa = PBXGroup;
			children = (
				8141524A26EE997500317535 /* RequestParamBuilder.swift */,
			);
			path = Builders;
			sourceTree = "<group>";
		};
		8141524C26EE9EA600317535 /* Model */ = {
			isa = PBXGroup;
			children = (
				8141524D26EE9F1600317535 /* TopAlbumsData.swift */,
				8141524F26EEADE500317535 /* TopAlbumData.swift */,
				8141525126EEAE4900317535 /* AlbumData.swift */,
				8141525326EEAE5C00317535 /* AlbumImageData.swift */,
				8102E62726EF81370028CE6F /* TopAlbumAttributesData.swift */,
			);
			path = Model;
			sourceTree = "<group>";
		};
		814ABF7926EE5BD600E5586F = {
			isa = PBXGroup;
			children = (
				814ABF8426EE5BD600E5586F /* top-songs */,
				814ABF9B26EE5BD800E5586F /* top-songsTests */,
				814ABF8326EE5BD600E5586F /* Products */,
			);
			sourceTree = "<group>";
		};
		814ABF8326EE5BD600E5586F /* Products */ = {
			isa = PBXGroup;
			children = (
				814ABF8226EE5BD600E5586F /* top-songs.app */,
				814ABF9826EE5BD800E5586F /* top-songsTests.xctest */,
			);
			name = Products;
			sourceTree = "<group>";
		};
		814ABF8426EE5BD600E5586F /* top-songs */ = {
			isa = PBXGroup;
			children = (
				814ABFB526EE5C4200E5586F /* Application */,
				814ABFC026EE5D0400E5586F /* Scenes */,
				814ABFD526EE652A00E5586F /* Utils */,
				8141524826EE6DB700317535 /* Resources */,
			);
			path = "top-songs";
			sourceTree = "<group>";
		};
		814ABF9B26EE5BD800E5586F /* top-songsTests */ = {
			isa = PBXGroup;
			children = (
				814ABF9E26EE5BD800E5586F /* Info.plist */,
				8102E65526EFB6820028CE6F /* Mocks */,
				8102E64D26EFB4EE0028CE6F /* Scenes */,
			);
			path = "top-songsTests";
			sourceTree = "<group>";
		};
		814ABFB526EE5C4200E5586F /* Application */ = {
			isa = PBXGroup;
			children = (
				814ABF8526EE5BD600E5586F /* AppDelegate.swift */,
				814ABFB726EE5C5C00E5586F /* AppCoordinator.swift */,
				8102E64B26EFAD840028CE6F /* StoreKitHelper.swift */,
			);
			path = Application;
			sourceTree = "<group>";
		};
		814ABFB926EE5C7400E5586F /* Protocols */ = {
			isa = PBXGroup;
			children = (
				814ABFBA26EE5C7E00E5586F /* Coordinator.swift */,
				814ABFBC26EE5C9000E5586F /* MainCoordinator.swift */,
				814ABFBE26EE5CA800E5586F /* ViewCoded.swift */,
			);
			path = Protocols;
			sourceTree = "<group>";
		};
		814ABFC026EE5D0400E5586F /* Scenes */ = {
			isa = PBXGroup;
			children = (
				814ABFC126EE5D8900E5586F /* TopAlbums */,
				8102E62926EF85DB0028CE6F /* AlbumDetails */,
			);
			path = Scenes;
			sourceTree = "<group>";
		};
		814ABFC126EE5D8900E5586F /* TopAlbums */ = {
			isa = PBXGroup;
			children = (
				814ABFC226EE5DAE00E5586F /* TopAlbumsCoordinator.swift */,
				814ABFCF26EE62C000E5586F /* Model */,
				814ABFC426EE5F6F00E5586F /* View */,
				814ABFCA26EE602C00E5586F /* ViewModel */,
				814ABFD226EE64D700E5586F /* Networking */,
			);
			path = TopAlbums;
			sourceTree = "<group>";
		};
		814ABFC426EE5F6F00E5586F /* View */ = {
			isa = PBXGroup;
			children = (
				814ABFC526EE5F8B00E5586F /* TopAlbumsViewController.swift */,
				814ABFC726EE5FAE00E5586F /* Views */,
			);
			path = View;
			sourceTree = "<group>";
		};
		814ABFC726EE5FAE00E5586F /* Views */ = {
			isa = PBXGroup;
			children = (
				814ABFC826EE5FBF00E5586F /* TopAlbumsView.swift */,
				814ABFCD26EE618D00E5586F /* TopAlbumsCell.swift */,
			);
			path = Views;
			sourceTree = "<group>";
		};
		814ABFCA26EE602C00E5586F /* ViewModel */ = {
			isa = PBXGroup;
			children = (
				814ABFCB26EE603A00E5586F /* TopAlbumsViewModel.swift */,
			);
			path = ViewModel;
			sourceTree = "<group>";
		};
		814ABFCF26EE62C000E5586F /* Model */ = {
			isa = PBXGroup;
			children = (
				8141525526EEBC6E00317535 /* TopAlbumsModel.swift */,
				814ABFD026EE62D800E5586F /* TopAlbumsCellData.swift */,
			);
			path = Model;
			sourceTree = "<group>";
		};
		814ABFD226EE64D700E5586F /* Networking */ = {
			isa = PBXGroup;
			children = (
				814ABFD326EE650400E5586F /* TopAlbumsService.swift */,
				8141524C26EE9EA600317535 /* Model */,
			);
			path = Networking;
			sourceTree = "<group>";
		};
		814ABFD526EE652A00E5586F /* Utils */ = {
			isa = PBXGroup;
			children = (
				8141524926EE996900317535 /* Builders */,
				8141524526EE6D7000317535 /* Extensions */,
				814ABFD826EE654D00E5586F /* Networking */,
				814ABFB926EE5C7400E5586F /* Protocols */,
			);
			path = Utils;
			sourceTree = "<group>";
		};
		814ABFD826EE654D00E5586F /* Networking */ = {
			isa = PBXGroup;
			children = (
				814ABFD626EE653A00E5586F /* Networking.swift */,
				8141524026EE6D1700317535 /* Network.swift */,
				8102E63B26EF92360028CE6F /* LastFMService.swift */,
			);
			path = Networking;
			sourceTree = "<group>";
		};
/* End PBXGroup section */

/* Begin PBXNativeTarget section */
		814ABF8126EE5BD600E5586F /* top-songs */ = {
			isa = PBXNativeTarget;
			buildConfigurationList = 814ABFAC26EE5BD800E5586F /* Build configuration list for PBXNativeTarget "top-songs" */;
			buildPhases = (
				814ABF7E26EE5BD600E5586F /* Sources */,
				814ABF7F26EE5BD600E5586F /* Frameworks */,
				814ABF8026EE5BD600E5586F /* Resources */,
			);
			buildRules = (
			);
			dependencies = (
			);
			name = "top-songs";
			packageProductDependencies = (
				8141523826EE6C3B00317535 /* RxSwift */,
				8141523B26EE6C4E00317535 /* Kingfisher */,
				8141523E26EE6CF800317535 /* Alamofire */,
				8141524326EE6D6800317535 /* PKHUD */,
			);
			productName = "top-songs";
			productReference = 814ABF8226EE5BD600E5586F /* top-songs.app */;
			productType = "com.apple.product-type.application";
		};
		814ABF9726EE5BD800E5586F /* top-songsTests */ = {
			isa = PBXNativeTarget;
			buildConfigurationList = 814ABFAF26EE5BD800E5586F /* Build configuration list for PBXNativeTarget "top-songsTests" */;
			buildPhases = (
				814ABF9426EE5BD800E5586F /* Sources */,
				814ABF9526EE5BD800E5586F /* Frameworks */,
				814ABF9626EE5BD800E5586F /* Resources */,
			);
			buildRules = (
			);
			dependencies = (
				814ABF9A26EE5BD800E5586F /* PBXTargetDependency */,
			);
			name = "top-songsTests";
			productName = "top-songsTests";
			productReference = 814ABF9826EE5BD800E5586F /* top-songsTests.xctest */;
			productType = "com.apple.product-type.bundle.unit-test";
		};
/* End PBXNativeTarget section */

/* Begin PBXProject section */
		814ABF7A26EE5BD600E5586F /* Project object */ = {
			isa = PBXProject;
			attributes = {
				LastSwiftUpdateCheck = 1250;
				LastUpgradeCheck = 1250;
				TargetAttributes = {
					814ABF8126EE5BD600E5586F = {
						CreatedOnToolsVersion = 12.5.1;
					};
					814ABF9726EE5BD800E5586F = {
						CreatedOnToolsVersion = 12.5.1;
						TestTargetID = 814ABF8126EE5BD600E5586F;
					};
				};
			};
			buildConfigurationList = 814ABF7D26EE5BD600E5586F /* Build configuration list for PBXProject "top-songs" */;
			compatibilityVersion = "Xcode 9.3";
			developmentRegion = en;
			hasScannedForEncodings = 0;
			knownRegions = (
				en,
				Base,
			);
			mainGroup = 814ABF7926EE5BD600E5586F;
			packageReferences = (
				8141523726EE6C3B00317535 /* XCRemoteSwiftPackageReference "RxSwift" */,
				8141523A26EE6C4E00317535 /* XCRemoteSwiftPackageReference "Kingfisher" */,
				8141523D26EE6CF800317535 /* XCRemoteSwiftPackageReference "Alamofire" */,
				8141524226EE6D6800317535 /* XCRemoteSwiftPackageReference "PKHUD" */,
			);
			productRefGroup = 814ABF8326EE5BD600E5586F /* Products */;
			projectDirPath = "";
			projectRoot = "";
			targets = (
				814ABF8126EE5BD600E5586F /* top-songs */,
				814ABF9726EE5BD800E5586F /* top-songsTests */,
			);
		};
/* End PBXProject section */

/* Begin PBXResourcesBuildPhase section */
		814ABF8026EE5BD600E5586F /* Resources */ = {
			isa = PBXResourcesBuildPhase;
			buildActionMask = 2147483647;
			files = (
				814ABF9226EE5BD800E5586F /* LaunchScreen.storyboard in Resources */,
				814ABF8F26EE5BD800E5586F /* Assets.xcassets in Resources */,
			);
			runOnlyForDeploymentPostprocessing = 0;
		};
		814ABF9626EE5BD800E5586F /* Resources */ = {
			isa = PBXResourcesBuildPhase;
			buildActionMask = 2147483647;
			files = (
				8102E65F26EFBA910028CE6F /* TopAlbumsDataMock.json in Resources */,
			);
			runOnlyForDeploymentPostprocessing = 0;
		};
/* End PBXResourcesBuildPhase section */

/* Begin PBXSourcesBuildPhase section */
		814ABF7E26EE5BD600E5586F /* Sources */ = {
			isa = PBXSourcesBuildPhase;
			buildActionMask = 2147483647;
			files = (
				814ABFC926EE5FBF00E5586F /* TopAlbumsView.swift in Sources */,
				8102E64126EF9CFA0028CE6F /* AlbumInfoData.swift in Sources */,
				8102E63526EF89B70028CE6F /* AlbumDetailsViewModel.swift in Sources */,
				8102E64626EF9D1F0028CE6F /* AlbumTracksData.swift in Sources */,
				814ABFCE26EE618D00E5586F /* TopAlbumsCell.swift in Sources */,
				814ABFC326EE5DAE00E5586F /* TopAlbumsCoordinator.swift in Sources */,
				814ABFB826EE5C5C00E5586F /* AppCoordinator.swift in Sources */,
				814ABFBD26EE5C9000E5586F /* MainCoordinator.swift in Sources */,
				8102E63F26EF94C10028CE6F /* AlbumDetailsData.swift in Sources */,
				8102E63C26EF92360028CE6F /* LastFMService.swift in Sources */,
				8102E64A26EFACA60028CE6F /* Int+Extension.swift in Sources */,
				8141525626EEBC6E00317535 /* TopAlbumsModel.swift in Sources */,
				8141525426EEAE5C00317535 /* AlbumImageData.swift in Sources */,
				8141524B26EE997500317535 /* RequestParamBuilder.swift in Sources */,
				8102E63726EF8AD10028CE6F /* AlbumDetailsModel.swift in Sources */,
				8102E64426EF9D0D0028CE6F /* AlbumWikiData.swift in Sources */,
				814ABFD726EE653A00E5586F /* Networking.swift in Sources */,
				8102E62B26EF85F30028CE6F /* AlbumDetailsCoordinator.swift in Sources */,
				8102E62F26EF88FE0028CE6F /* AlbumDetailsViewController.swift in Sources */,
				8102E63226EF898F0028CE6F /* AlbumDetailsView.swift in Sources */,
				8102E64826EF9D300028CE6F /* AlbumTrackData.swift in Sources */,
				814ABFBB26EE5C7E00E5586F /* Coordinator.swift in Sources */,
				814ABFD426EE650400E5586F /* TopAlbumsService.swift in Sources */,
				814ABFBF26EE5CA800E5586F /* ViewCoded.swift in Sources */,
				8102E64C26EFAD840028CE6F /* StoreKitHelper.swift in Sources */,
				8141524E26EE9F1600317535 /* TopAlbumsData.swift in Sources */,
				814ABFCC26EE603A00E5586F /* TopAlbumsViewModel.swift in Sources */,
				814ABFC626EE5F8B00E5586F /* TopAlbumsViewController.swift in Sources */,
				8102E63A26EF8F590028CE6F /* AlbumDetailsService.swift in Sources */,
				814ABFD126EE62D800E5586F /* TopAlbumsCellData.swift in Sources */,
				8102E62826EF81370028CE6F /* TopAlbumAttributesData.swift in Sources */,
				8141525226EEAE4900317535 /* AlbumData.swift in Sources */,
				8141524126EE6D1700317535 /* Network.swift in Sources */,
				8141524726EE6D9400317535 /* UIViewController+Loading.swift in Sources */,
				814ABF8626EE5BD600E5586F /* AppDelegate.swift in Sources */,
				8141525026EEADE500317535 /* TopAlbumData.swift in Sources */,
			);
			runOnlyForDeploymentPostprocessing = 0;
		};
		814ABF9426EE5BD800E5586F /* Sources */ = {
			isa = PBXSourcesBuildPhase;
			buildActionMask = 2147483647;
			files = (
				8102E65B26EFB8BD0028CE6F /* LastFMServiceMock.swift in Sources */,
				8102E65126EFB51D0028CE6F /* TopAlbumsViewModelTests.swift in Sources */,
				8102E65926EFB6D70028CE6F /* TopAlbumsServiceMock.swift in Sources */,
				8102E65726EFB6960028CE6F /* EmptyNetwork.swift in Sources */,
				8102E65426EFB59A0028CE6F /* TopAlbumsCoordinatorMock.swift in Sources */,
			);
			runOnlyForDeploymentPostprocessing = 0;
		};
/* End PBXSourcesBuildPhase section */

/* Begin PBXTargetDependency section */
		814ABF9A26EE5BD800E5586F /* PBXTargetDependency */ = {
			isa = PBXTargetDependency;
			target = 814ABF8126EE5BD600E5586F /* top-songs */;
			targetProxy = 814ABF9926EE5BD800E5586F /* PBXContainerItemProxy */;
		};
/* End PBXTargetDependency section */

/* Begin PBXVariantGroup section */
		814ABF9026EE5BD800E5586F /* LaunchScreen.storyboard */ = {
			isa = PBXVariantGroup;
			children = (
				814ABF9126EE5BD800E5586F /* Base */,
			);
			name = LaunchScreen.storyboard;
			sourceTree = "<group>";
		};
/* End PBXVariantGroup section */

/* Begin XCBuildConfiguration section */
		814ABFAA26EE5BD800E5586F /* Debug */ = {
			isa = XCBuildConfiguration;
			buildSettings = {
				ALWAYS_SEARCH_USER_PATHS = NO;
				CLANG_ANALYZER_NONNULL = YES;
				CLANG_ANALYZER_NUMBER_OBJECT_CONVERSION = YES_AGGRESSIVE;
				CLANG_CXX_LANGUAGE_STANDARD = "gnu++14";
				CLANG_CXX_LIBRARY = "libc++";
				CLANG_ENABLE_MODULES = YES;
				CLANG_ENABLE_OBJC_ARC = YES;
				CLANG_ENABLE_OBJC_WEAK = YES;
				CLANG_WARN_BLOCK_CAPTURE_AUTORELEASING = YES;
				CLANG_WARN_BOOL_CONVERSION = YES;
				CLANG_WARN_COMMA = YES;
				CLANG_WARN_CONSTANT_CONVERSION = YES;
				CLANG_WARN_DEPRECATED_OBJC_IMPLEMENTATIONS = YES;
				CLANG_WARN_DIRECT_OBJC_ISA_USAGE = YES_ERROR;
				CLANG_WARN_DOCUMENTATION_COMMENTS = YES;
				CLANG_WARN_EMPTY_BODY = YES;
				CLANG_WARN_ENUM_CONVERSION = YES;
				CLANG_WARN_INFINITE_RECURSION = YES;
				CLANG_WARN_INT_CONVERSION = YES;
				CLANG_WARN_NON_LITERAL_NULL_CONVERSION = YES;
				CLANG_WARN_OBJC_IMPLICIT_RETAIN_SELF = YES;
				CLANG_WARN_OBJC_LITERAL_CONVERSION = YES;
				CLANG_WARN_OBJC_ROOT_CLASS = YES_ERROR;
				CLANG_WARN_QUOTED_INCLUDE_IN_FRAMEWORK_HEADER = YES;
				CLANG_WARN_RANGE_LOOP_ANALYSIS = YES;
				CLANG_WARN_STRICT_PROTOTYPES = YES;
				CLANG_WARN_SUSPICIOUS_MOVE = YES;
				CLANG_WARN_UNGUARDED_AVAILABILITY = YES_AGGRESSIVE;
				CLANG_WARN_UNREACHABLE_CODE = YES;
				CLANG_WARN__DUPLICATE_METHOD_MATCH = YES;
				COPY_PHASE_STRIP = NO;
				DEBUG_INFORMATION_FORMAT = dwarf;
				ENABLE_STRICT_OBJC_MSGSEND = YES;
				ENABLE_TESTABILITY = YES;
				GCC_C_LANGUAGE_STANDARD = gnu11;
				GCC_DYNAMIC_NO_PIC = NO;
				GCC_NO_COMMON_BLOCKS = YES;
				GCC_OPTIMIZATION_LEVEL = 0;
				GCC_PREPROCESSOR_DEFINITIONS = (
					"DEBUG=1",
					"$(inherited)",
				);
				GCC_WARN_64_TO_32_BIT_CONVERSION = YES;
				GCC_WARN_ABOUT_RETURN_TYPE = YES_ERROR;
				GCC_WARN_UNDECLARED_SELECTOR = YES;
				GCC_WARN_UNINITIALIZED_AUTOS = YES_AGGRESSIVE;
				GCC_WARN_UNUSED_FUNCTION = YES;
				GCC_WARN_UNUSED_VARIABLE = YES;
				IPHONEOS_DEPLOYMENT_TARGET = 12.1;
				MTL_ENABLE_DEBUG_INFO = INCLUDE_SOURCE;
				MTL_FAST_MATH = YES;
				ONLY_ACTIVE_ARCH = YES;
				SDKROOT = iphoneos;
				SWIFT_ACTIVE_COMPILATION_CONDITIONS = DEBUG;
				SWIFT_OPTIMIZATION_LEVEL = "-Onone";
			};
			name = Debug;
		};
		814ABFAB26EE5BD800E5586F /* Release */ = {
			isa = XCBuildConfiguration;
			buildSettings = {
				ALWAYS_SEARCH_USER_PATHS = NO;
				CLANG_ANALYZER_NONNULL = YES;
				CLANG_ANALYZER_NUMBER_OBJECT_CONVERSION = YES_AGGRESSIVE;
				CLANG_CXX_LANGUAGE_STANDARD = "gnu++14";
				CLANG_CXX_LIBRARY = "libc++";
				CLANG_ENABLE_MODULES = YES;
				CLANG_ENABLE_OBJC_ARC = YES;
				CLANG_ENABLE_OBJC_WEAK = YES;
				CLANG_WARN_BLOCK_CAPTURE_AUTORELEASING = YES;
				CLANG_WARN_BOOL_CONVERSION = YES;
				CLANG_WARN_COMMA = YES;
				CLANG_WARN_CONSTANT_CONVERSION = YES;
				CLANG_WARN_DEPRECATED_OBJC_IMPLEMENTATIONS = YES;
				CLANG_WARN_DIRECT_OBJC_ISA_USAGE = YES_ERROR;
				CLANG_WARN_DOCUMENTATION_COMMENTS = YES;
				CLANG_WARN_EMPTY_BODY = YES;
				CLANG_WARN_ENUM_CONVERSION = YES;
				CLANG_WARN_INFINITE_RECURSION = YES;
				CLANG_WARN_INT_CONVERSION = YES;
				CLANG_WARN_NON_LITERAL_NULL_CONVERSION = YES;
				CLANG_WARN_OBJC_IMPLICIT_RETAIN_SELF = YES;
				CLANG_WARN_OBJC_LITERAL_CONVERSION = YES;
				CLANG_WARN_OBJC_ROOT_CLASS = YES_ERROR;
				CLANG_WARN_QUOTED_INCLUDE_IN_FRAMEWORK_HEADER = YES;
				CLANG_WARN_RANGE_LOOP_ANALYSIS = YES;
				CLANG_WARN_STRICT_PROTOTYPES = YES;
				CLANG_WARN_SUSPICIOUS_MOVE = YES;
				CLANG_WARN_UNGUARDED_AVAILABILITY = YES_AGGRESSIVE;
				CLANG_WARN_UNREACHABLE_CODE = YES;
				CLANG_WARN__DUPLICATE_METHOD_MATCH = YES;
				COPY_PHASE_STRIP = NO;
				DEBUG_INFORMATION_FORMAT = "dwarf-with-dsym";
				ENABLE_NS_ASSERTIONS = NO;
				ENABLE_STRICT_OBJC_MSGSEND = YES;
				GCC_C_LANGUAGE_STANDARD = gnu11;
				GCC_NO_COMMON_BLOCKS = YES;
				GCC_WARN_64_TO_32_BIT_CONVERSION = YES;
				GCC_WARN_ABOUT_RETURN_TYPE = YES_ERROR;
				GCC_WARN_UNDECLARED_SELECTOR = YES;
				GCC_WARN_UNINITIALIZED_AUTOS = YES_AGGRESSIVE;
				GCC_WARN_UNUSED_FUNCTION = YES;
				GCC_WARN_UNUSED_VARIABLE = YES;
				IPHONEOS_DEPLOYMENT_TARGET = 12.1;
				MTL_ENABLE_DEBUG_INFO = NO;
				MTL_FAST_MATH = YES;
				SDKROOT = iphoneos;
				SWIFT_COMPILATION_MODE = wholemodule;
				SWIFT_OPTIMIZATION_LEVEL = "-O";
				VALIDATE_PRODUCT = YES;
			};
			name = Release;
		};
		814ABFAD26EE5BD800E5586F /* Debug */ = {
			isa = XCBuildConfiguration;
			buildSettings = {
				ASSETCATALOG_COMPILER_APPICON_NAME = AppIcon;
				ASSETCATALOG_COMPILER_GLOBAL_ACCENT_COLOR_NAME = AccentColor;
				CODE_SIGN_STYLE = Automatic;
				INFOPLIST_FILE = "top-songs/Resources/Info.plist";
				LD_RUNPATH_SEARCH_PATHS = (
					"$(inherited)",
					"@executable_path/Frameworks",
				);
				PRODUCT_BUNDLE_IDENTIFIER = "dancamarotto.top-songs";
				PRODUCT_NAME = "$(TARGET_NAME)";
				SWIFT_VERSION = 5.0;
				TARGETED_DEVICE_FAMILY = 1;
			};
			name = Debug;
		};
		814ABFAE26EE5BD800E5586F /* Release */ = {
			isa = XCBuildConfiguration;
			buildSettings = {
				ASSETCATALOG_COMPILER_APPICON_NAME = AppIcon;
				ASSETCATALOG_COMPILER_GLOBAL_ACCENT_COLOR_NAME = AccentColor;
				CODE_SIGN_STYLE = Automatic;
				INFOPLIST_FILE = "top-songs/Resources/Info.plist";
				LD_RUNPATH_SEARCH_PATHS = (
					"$(inherited)",
					"@executable_path/Frameworks",
				);
				PRODUCT_BUNDLE_IDENTIFIER = "dancamarotto.top-songs";
				PRODUCT_NAME = "$(TARGET_NAME)";
				SWIFT_VERSION = 5.0;
				TARGETED_DEVICE_FAMILY = 1;
			};
			name = Release;
		};
		814ABFB026EE5BD800E5586F /* Debug */ = {
			isa = XCBuildConfiguration;
			buildSettings = {
				ALWAYS_EMBED_SWIFT_STANDARD_LIBRARIES = YES;
				BUNDLE_LOADER = "$(TEST_HOST)";
				CODE_SIGN_STYLE = Automatic;
				INFOPLIST_FILE = "top-songsTests/Info.plist";
				IPHONEOS_DEPLOYMENT_TARGET = 14.5;
				LD_RUNPATH_SEARCH_PATHS = (
					"$(inherited)",
					"@executable_path/Frameworks",
					"@loader_path/Frameworks",
				);
				PRODUCT_BUNDLE_IDENTIFIER = "dancamarotto.top-songsTests";
				PRODUCT_NAME = "$(TARGET_NAME)";
				SWIFT_VERSION = 5.0;
				TARGETED_DEVICE_FAMILY = "1,2";
				TEST_HOST = "$(BUILT_PRODUCTS_DIR)/top-songs.app/top-songs";
			};
			name = Debug;
		};
		814ABFB126EE5BD800E5586F /* Release */ = {
			isa = XCBuildConfiguration;
			buildSettings = {
				ALWAYS_EMBED_SWIFT_STANDARD_LIBRARIES = YES;
				BUNDLE_LOADER = "$(TEST_HOST)";
				CODE_SIGN_STYLE = Automatic;
				INFOPLIST_FILE = "top-songsTests/Info.plist";
				IPHONEOS_DEPLOYMENT_TARGET = 14.5;
				LD_RUNPATH_SEARCH_PATHS = (
					"$(inherited)",
					"@executable_path/Frameworks",
					"@loader_path/Frameworks",
				);
				PRODUCT_BUNDLE_IDENTIFIER = "dancamarotto.top-songsTests";
				PRODUCT_NAME = "$(TARGET_NAME)";
				SWIFT_VERSION = 5.0;
				TARGETED_DEVICE_FAMILY = "1,2";
				TEST_HOST = "$(BUILT_PRODUCTS_DIR)/top-songs.app/top-songs";
			};
			name = Release;
		};
/* End XCBuildConfiguration section */

/* Begin XCConfigurationList section */
		814ABF7D26EE5BD600E5586F /* Build configuration list for PBXProject "top-songs" */ = {
			isa = XCConfigurationList;
			buildConfigurations = (
				814ABFAA26EE5BD800E5586F /* Debug */,
				814ABFAB26EE5BD800E5586F /* Release */,
			);
			defaultConfigurationIsVisible = 0;
			defaultConfigurationName = Release;
		};
		814ABFAC26EE5BD800E5586F /* Build configuration list for PBXNativeTarget "top-songs" */ = {
			isa = XCConfigurationList;
			buildConfigurations = (
				814ABFAD26EE5BD800E5586F /* Debug */,
				814ABFAE26EE5BD800E5586F /* Release */,
			);
			defaultConfigurationIsVisible = 0;
			defaultConfigurationName = Release;
		};
		814ABFAF26EE5BD800E5586F /* Build configuration list for PBXNativeTarget "top-songsTests" */ = {
			isa = XCConfigurationList;
			buildConfigurations = (
				814ABFB026EE5BD800E5586F /* Debug */,
				814ABFB126EE5BD800E5586F /* Release */,
			);
			defaultConfigurationIsVisible = 0;
			defaultConfigurationName = Release;
		};
/* End XCConfigurationList section */

/* Begin XCRemoteSwiftPackageReference section */
		8141523726EE6C3B00317535 /* XCRemoteSwiftPackageReference "RxSwift" */ = {
			isa = XCRemoteSwiftPackageReference;
			repositoryURL = "https://github.com/ReactiveX/RxSwift.git";
			requirement = {
				kind = upToNextMajorVersion;
				minimumVersion = 6.2.0;
			};
		};
		8141523A26EE6C4E00317535 /* XCRemoteSwiftPackageReference "Kingfisher" */ = {
			isa = XCRemoteSwiftPackageReference;
			repositoryURL = "https://github.com/onevcat/Kingfisher.git";
			requirement = {
				kind = upToNextMajorVersion;
				minimumVersion = 6.3.1;
			};
		};
		8141523D26EE6CF800317535 /* XCRemoteSwiftPackageReference "Alamofire" */ = {
			isa = XCRemoteSwiftPackageReference;
			repositoryURL = "https://github.com/Alamofire/Alamofire.git";
			requirement = {
				kind = upToNextMajorVersion;
				minimumVersion = 5.4.3;
			};
		};
		8141524226EE6D6800317535 /* XCRemoteSwiftPackageReference "PKHUD" */ = {
			isa = XCRemoteSwiftPackageReference;
			repositoryURL = "https://github.com/pkluz/PKHUD.git";
			requirement = {
				kind = upToNextMajorVersion;
				minimumVersion = 5.4.0;
			};
		};
/* End XCRemoteSwiftPackageReference section */

/* Begin XCSwiftPackageProductDependency section */
		8141523826EE6C3B00317535 /* RxSwift */ = {
			isa = XCSwiftPackageProductDependency;
			package = 8141523726EE6C3B00317535 /* XCRemoteSwiftPackageReference "RxSwift" */;
			productName = RxSwift;
		};
		8141523B26EE6C4E00317535 /* Kingfisher */ = {
			isa = XCSwiftPackageProductDependency;
			package = 8141523A26EE6C4E00317535 /* XCRemoteSwiftPackageReference "Kingfisher" */;
			productName = Kingfisher;
		};
		8141523E26EE6CF800317535 /* Alamofire */ = {
			isa = XCSwiftPackageProductDependency;
			package = 8141523D26EE6CF800317535 /* XCRemoteSwiftPackageReference "Alamofire" */;
			productName = Alamofire;
		};
		8141524326EE6D6800317535 /* PKHUD */ = {
			isa = XCSwiftPackageProductDependency;
			package = 8141524226EE6D6800317535 /* XCRemoteSwiftPackageReference "PKHUD" */;
			productName = PKHUD;
		};
/* End XCSwiftPackageProductDependency section */
	};
	rootObject = 814ABF7A26EE5BD600E5586F /* Project object */;
}
